
Microsoft Visual Studio Solution File, Format Version 12.00
# Visual Studio Version 17
VisualStudioVersion = 17.5.002.0
MinimumVisualStudioVersion = 10.0.40219.1
Project("{9A19103F-16F7-4668-BE54-9A1E7A4F7556}") = "UseAcadSharp", "UseAcadSharp.csproj", "{11C6296F-0060-49D9-B4E3-042121D503DC}"
EndProject
Global
	GlobalSection(SolutionConfigurationPlatforms) = preSolution
		Debug|Any CPU = Debug|Any CPU
		Release|Any CPU = Release|Any CPU
	EndGlobalSection
	GlobalSection(ProjectConfigurationPlatforms) = postSolution
		{11C6296F-0060-49D9-B4E3-042121D503DC}.Debug|Any CPU.ActiveCfg = Debug|Any CPU
		{11C6296F-0060-49D9-B4E3-042121D503DC}.Debug|Any CPU.Build.0 = Debug|Any CPU
		{11C6296F-0060-49D9-B4E3-042121D503DC}.Release|Any CPU.ActiveCfg = Release|Any CPU
		{11C6296F-0060-49D9-B4E3-042121D503DC}.Release|Any CPU.Build.0 = Release|Any CPU
	EndGlobalSection
	GlobalSection(SolutionProperties) = preSolution
		HideSolutionNode = FALSE
	EndGlobalSection
	GlobalSection(ExtensibilityGlobals) = postSolution
		SolutionGuid = {87891D8A-AA3C-49D9-86B5-A58D0584D2A2}
	EndGlobalSection
EndGlobal
